<?xml version="1.0" encoding="utf-8"?>
<Project ToolsVersion="4.0" xmlns="http://schemas.microsoft.com/developer/msbuild/2003">
  <ItemGroup>
    <Filter Include="源文件">
      <UniqueIdentifier>{4FC737F1-C7A5-4376-A066-2A32D752A2FF}</UniqueIdentifier>
      <Extensions>cpp;c;cc;cxx;def;odl;idl;hpj;bat;asm;asmx</Extensions>
    </Filter>
    <Filter Include="头文件">
      <UniqueIdentifier>{93995380-89BD-4b04-88EB-625FBE52EBFB}</UniqueIdentifier>
      <Extensions>h;hpp;hxx;hm;inl;inc;xsd</Extensions>
    </Filter>
    <Filter Include="资源文件">
      <UniqueIdentifier>{67DA6AB6-F800-4c08-8B7A-83BB121AAD01}</UniqueIdentifier>
      <Extensions>rc;ico;cur;bmp;dlg;rc2;rct;bin;rgs;gif;jpg;jpeg;jpe;resx;tiff;tif;png;wav;mfcribbon-ms</Extensions>
    </Filter>
    <Filter Include="Utils">
      <UniqueIdentifier>{100ef670-0830-4246-8928-82a05aee7018}</UniqueIdentifier>
    </Filter>
    <Filter Include="PEFile">
      <UniqueIdentifier>{3a8611fb-8434-4d46-ad2f-9fd34cc29a51}</UniqueIdentifier>
    </Filter>
    <Filter Include="UI">
      <UniqueIdentifier>{f268781a-5766-4c3f-92b9-aadd0c29ec7b}</UniqueIdentifier>
    </Filter>
  </ItemGroup>
  <ItemGroup>
    <None Include="ReadMe.txt" />
    <None Include="small.ico">
      <Filter>资源文件</Filter>
    </None>
    <None Include="VisualPE.ico">
      <Filter>资源文件</Filter>
    </None>
    <None Include="..\Bin\res\scalablelayout.xml" />
    <None Include="..\Bin\res\MainFrame.xml" />
  </ItemGroup>
  <ItemGroup>
    <ClInclude Include="stdafx.h">
      <Filter>头文件</Filter>
    </ClInclude>
    <ClInclude Include="targetver.h">
      <Filter>头文件</Filter>
    </ClInclude>
    <ClInclude Include="Resource.h">
      <Filter>头文件</Filter>
    </ClInclude>
    <ClInclude Include="VisualPE.h">
      <Filter>头文件</Filter>
    </ClInclude>
    <ClInclude Include="MainWnd.h">
      <Filter>头文件</Filter>
    </ClInclude>
    <ClInclude Include="SizedPointer.h">
      <Filter>Utils</Filter>
    </ClInclude>
    <ClInclude Include="PEStructBuilder.h">
      <Filter>PEFile</Filter>
    </ClInclude>
    <ClInclude Include="PEFile.h">
      <Filter>PEFile</Filter>
    </ClInclude>
    <ClInclude Include="ScalableNode.h">
      <Filter>UI</Filter>
    </ClInclude>
    <ClInclude Include="ScalableLayout.h">
      <Filter>UI</Filter>
    </ClInclude>
    <ClInclude Include="OpenFileDialog.h">
      <Filter>UI</Filter>
    </ClInclude>
  </ItemGroup>
  <ItemGroup>
    <ClCompile Include="stdafx.cpp">
      <Filter>源文件</Filter>
    </ClCompile>
    <ClCompile Include="VisualPE.cpp">
      <Filter>源文件</Filter>
    </ClCompile>
    <ClCompile Include="MainWnd.cpp">
      <Filter>源文件</Filter>
    </ClCompile>
    <ClCompile Include="SizedPointer.cpp">
      <Filter>Utils</Filter>
    </ClCompile>
    <ClCompile Include="PEFile.cpp">
      <Filter>PEFile</Filter>
    </ClCompile>
    <ClCompile Include="PEStructBuilder.cpp">
      <Filter>PEFile</Filter>
    </ClCompile>
    <ClCompile Include="OpenFileDialog.cpp">
      <Filter>UI</Filter>
    </ClCompile>
    <ClCompile Include="ScalableLayout.cpp">
      <Filter>UI</Filter>
    </ClCompile>
    <ClCompile Include="ScalableNode.cpp">
      <Filter>UI</Filter>
    </ClCompile>
  </ItemGroup>
  <ItemGroup>
    <ResourceCompile Include="VisualPE.rc">
      <Filter>资源文件</Filter>
    </ResourceCompile>
  </ItemGroup>
</Project>